
Microsoft Visual Studio Solution File, Format Version 12.00
# Visual Studio Version 17
VisualStudioVersion = 17.4.33403.182
MinimumVisualStudioVersion = 10.0.40219.1
Project("{FAE04EC0-301F-11D3-BF4B-00C04F79EFBC}") = "CloudflareDDNS", "CloudflareDDNS\CloudflareDDNS.csproj", "{3C8A8591-0A96-4D3B-AE99-34922FD47CBC}"
EndProject
Global
	GlobalSection(SolutionConfigurationPlatforms) = preSolution
		Debug|Any CPU = Debug|Any CPU
		Release|Any CPU = Release|Any CPU
	EndGlobalSection
	GlobalSection(ProjectConfigurationPlatforms) = postSolution
		{3C8A8591-0A96-4D3B-AE99-34922FD47CBC}.Debug|Any CPU.ActiveCfg = Debug|Any CPU
		{3C8A8591-0A96-4D3B-AE99-34922FD47CBC}.Debug|Any CPU.Build.0 = Debug|Any CPU
		{3C8A8591-0A96-4D3B-AE99-34922FD47CBC}.Release|Any CPU.ActiveCfg = Release|Any CPU
		{3C8A8591-0A96-4D3B-AE99-34922FD47CBC}.Release|Any CPU.Build.0 = Release|Any CPU
	EndGlobalSection
	GlobalSection(SolutionProperties) = preSolution
		HideSolutionNode = FALSE
	EndGlobalSection
	GlobalSection(ExtensibilityGlobals) = postSolution
		SolutionGuid = {4E087EDD-8A73-4131-A7F0-B7BE67788893}
	EndGlobalSection
EndGlobal
